
Microsoft Visual Studio Solution File, Format Version 12.00
# Visual Studio Version 17
VisualStudioVersion = 17.4.33213.308
MinimumVisualStudioVersion = 10.0.40219.1
Project("{9A19103F-16F7-4668-BE54-9A1E7A4F7556}") = "OTOI_ADD", "OTOI_ADD\OTOI_ADD.csproj", "{85133569-49E1-4C8F-89D6-7CB8885A46FA}"
EndProject
Project("{2150E333-8FDC-42A3-9474-1A3956D46DE8}") = "Solution Items", "Solution Items", "{CDA1A7D0-F28B-448C-8206-94D9BE430550}"
	ProjectSection(SolutionItems) = preProject
		.editorconfig = .editorconfig
	EndProjectSection
EndProject
Global
	GlobalSection(SolutionConfigurationPlatforms) = preSolution
		Debug|Any CPU = Debug|Any CPU
		Release|Any CPU = Release|Any CPU
	EndGlobalSection
	GlobalSection(ProjectConfigurationPlatforms) = postSolution
		{85133569-49E1-4C8F-89D6-7CB8885A46FA}.Debug|Any CPU.ActiveCfg = Debug|Any CPU
		{85133569-49E1-4C8F-89D6-7CB8885A46FA}.Debug|Any CPU.Build.0 = Debug|Any CPU
		{85133569-49E1-4C8F-89D6-7CB8885A46FA}.Release|Any CPU.ActiveCfg = Release|Any CPU
		{85133569-49E1-4C8F-89D6-7CB8885A46FA}.Release|Any CPU.Build.0 = Release|Any CPU
	EndGlobalSection
	GlobalSection(SolutionProperties) = preSolution
		HideSolutionNode = FALSE
	EndGlobalSection
	GlobalSection(ExtensibilityGlobals) = postSolution
		SolutionGuid = {8885FE77-9D30-44E7-A84D-93F62E84EB0A}
	EndGlobalSection
EndGlobal

